
Microsoft Visual Studio Solution File, Format Version 12.00
# Visual Studio Version 17
VisualStudioVersion = 17.9.34728.123
MinimumVisualStudioVersion = 10.0.40219.1
Project("{FAE04EC0-301F-11D3-BF4B-00C04F79EFBC}") = "BasicShop.Presentation.API", "BasicShop.Presentation.API\BasicShop.Presentation.API.csproj", "{987FC625-3EC7-48E0-B735-36E5198BFEB8}"
EndProject
Project("{FAE04EC0-301F-11D3-BF4B-00C04F79EFBC}") = "BasicShop.Infrastructure", "BasicShop.Infrastructure\BasicShop.Infrastructure.csproj", "{0A774892-8929-4098-9C07-578F508C2865}"
EndProject
Project("{FAE04EC0-301F-11D3-BF4B-00C04F79EFBC}") = "BasicShop.Core", "BasicShop.Core\BasicShop.Core.csproj", "{56D1C866-2A99-4D68-A0DF-2AB1FC742323}"
EndProject
Global
	GlobalSection(SolutionConfigurationPlatforms) = preSolution
		Debug|Any CPU = Debug|Any CPU
		Release|Any CPU = Release|Any CPU
	EndGlobalSection
	GlobalSection(ProjectConfigurationPlatforms) = postSolution
		{987FC625-3EC7-48E0-B735-36E5198BFEB8}.Debug|Any CPU.ActiveCfg = Debug|Any CPU
		{987FC625-3EC7-48E0-B735-36E5198BFEB8}.Debug|Any CPU.Build.0 = Debug|Any CPU
		{987FC625-3EC7-48E0-B735-36E5198BFEB8}.Release|Any CPU.ActiveCfg = Release|Any CPU
		{987FC625-3EC7-48E0-B735-36E5198BFEB8}.Release|Any CPU.Build.0 = Release|Any CPU
		{0A774892-8929-4098-9C07-578F508C2865}.Debug|Any CPU.ActiveCfg = Debug|Any CPU
		{0A774892-8929-4098-9C07-578F508C2865}.Debug|Any CPU.Build.0 = Debug|Any CPU
		{0A774892-8929-4098-9C07-578F508C2865}.Release|Any CPU.ActiveCfg = Release|Any CPU
		{0A774892-8929-4098-9C07-578F508C2865}.Release|Any CPU.Build.0 = Release|Any CPU
		{56D1C866-2A99-4D68-A0DF-2AB1FC742323}.Debug|Any CPU.ActiveCfg = Debug|Any CPU
		{56D1C866-2A99-4D68-A0DF-2AB1FC742323}.Debug|Any CPU.Build.0 = Debug|Any CPU
		{56D1C866-2A99-4D68-A0DF-2AB1FC742323}.Release|Any CPU.ActiveCfg = Release|Any CPU
		{56D1C866-2A99-4D68-A0DF-2AB1FC742323}.Release|Any CPU.Build.0 = Release|Any CPU
	EndGlobalSection
	GlobalSection(SolutionProperties) = preSolution
		HideSolutionNode = FALSE
	EndGlobalSection
	GlobalSection(ExtensibilityGlobals) = postSolution
		SolutionGuid = {48D436FE-8037-4B25-A667-DAF3D2F266BC}
	EndGlobalSection
EndGlobal
